PackratFormat: 1.4
PackratVersion: 0.4.9.1
RVersion: 3.4.4
Repos: CRAN=https://cloud.r-project.org

Package: Rcpp
Source: CRAN
Version: 0.12.16

Package: backports
Source: CRAN
Version: 1.1.2

Package: base64enc
Source: CRAN
Version: 0.1-3

Package: digest
Source: CRAN
Version: 0.6.15

Package: evaluate
Source: CRAN
Version: 0.10.1
Requires: stringr

Package: glue
Source: CRAN
Version: 1.2.0

Package: highr
Source: CRAN
Version: 0.6

Package: htmltools
Source: CRAN
Version: 0.3.6
Requires: Rcpp, digest

Package: jsonlite
Source: CRAN
Version: 1.5

Package: knitr
Source: CRAN
Version: 1.20
Requires: evaluate, highr, markdown, stringr, yaml

Package: magrittr
Source: CRAN
Version: 1.5

Package: markdown
Source: CRAN
Version: 0.8
Requires: mime

Package: mime
Source: CRAN
Version: 0.5

Package: packrat
Source: CRAN
Version: 0.4.9-1
Hash: e95f4c0ccf3ac830a0a480888c1c965f

Package: rmarkdown
Source: CRAN
Version: 1.9
Requires: base64enc, evaluate, htmltools, jsonlite, knitr, mime,
    rprojroot, stringr, yaml

Package: rprojroot
Source: CRAN
Version: 1.3-2
Requires: backports

Package: stringi
Source: CRAN
Version: 1.1.7

Package: stringr
Source: CRAN
Version: 1.3.0
Requires: glue, magrittr, stringi

Package: yaml
Source: CRAN
Version: 2.1.18
